
Microsoft Visual Studio Solution File, Format Version 12.00
# Visual Studio Version 17
VisualStudioVersion = 17.11.35327.3
MinimumVisualStudioVersion = 10.0.40219.1
Project("{2150E333-8FDC-42A3-9474-1A3956D46DE8}") = "src", "src", "{21138874-A185-4B77-9F1F-F788659A745F}"
EndProject
Project("{FAE04EC0-301F-11D3-BF4B-00C04F79EFBC}") = "Nexi.Core", "Nexi.Core\Nexi.Core.csproj", "{26C894DC-9ECE-4A53-BAA6-7AB8A49BF042}"
EndProject
Project("{FAE04EC0-301F-11D3-BF4B-00C04F79EFBC}") = "Nexi.Infrastructure", "Nexi.Infrastructure\Nexi.Infrastructure.csproj", "{EC686E55-42B9-440C-A2A0-9B0BF3EFA8DF}"
EndProject
Project("{FAE04EC0-301F-11D3-BF4B-00C04F79EFBC}") = "Nexi.Desktop", "Nexi.Desktop\Nexi.Desktop.csproj", "{245D6422-EBE8-4B28-8034-1A22A21374AD}"
EndProject
Project("{2150E333-8FDC-42A3-9474-1A3956D46DE8}") = "tests", "tests", "{29ECAFEF-705B-4086-B9CD-FBF2959152F1}"
EndProject
Project("{FAE04EC0-301F-11D3-BF4B-00C04F79EFBC}") = "Nexi.Features", "Nexi.Features\Nexi.Features.csproj", "{8154BAB0-4F16-4DCB-BF1E-9D5E3A461D71}"
EndProject
Project("{FAE04EC0-301F-11D3-BF4B-00C04F79EFBC}") = "Nexi.Shared", "Nexi.Shared\Nexi.Shared.csproj", "{369D6548-08F5-4432-A657-92983FB5A38D}"
EndProject
Project("{FAE04EC0-301F-11D3-BF4B-00C04F79EFBC}") = "Nexi.UI", "Nexi.UI\Nexi.UI.csproj", "{DBE2C17E-4F2B-43DD-AA97-B4F767236445}"
EndProject
Project("{FAE04EC0-301F-11D3-BF4B-00C04F79EFBC}") = "Nexi.Core.Tests", "Nexi.Core.Tests\Nexi.Core.Tests.csproj", "{3B437B5C-D42F-46A6-AA6F-E210CB86C13C}"
EndProject
Project("{FAE04EC0-301F-11D3-BF4B-00C04F79EFBC}") = "Nexi.Infrastructure.Tests", "Nexi.Infrastructure.Tests\Nexi.Infrastructure.Tests.csproj", "{B8BD9FCA-E536-4F7B-BB84-9C5803F47529}"
EndProject
Project("{FAE04EC0-301F-11D3-BF4B-00C04F79EFBC}") = "Nexi.Desktop.Tests", "Nexi.Desktop.Tests\Nexi.Desktop.Tests.csproj", "{D34FF4CE-55CD-4E02-A462-518CC46D22C9}"
EndProject
Project("{FAE04EC0-301F-11D3-BF4B-00C04F79EFBC}") = "Nexi.Features.Tests", "Nexi.Features.Tests\Nexi.Features.Tests.csproj", "{E43F43EF-8F09-4A97-A8E8-9097D28C860C}"
EndProject
Project("{FAE04EC0-301F-11D3-BF4B-00C04F79EFBC}") = "Nexi.UI.Tests", "Nexi.UI.Tests\Nexi.UI.Tests.csproj", "{3B45F47D-B4A3-445C-8C5D-7324A525A29F}"
EndProject
Global
	GlobalSection(SolutionConfigurationPlatforms) = preSolution
		Debug|Any CPU = Debug|Any CPU
		Release|Any CPU = Release|Any CPU
	EndGlobalSection
	GlobalSection(ProjectConfigurationPlatforms) = postSolution
		{26C894DC-9ECE-4A53-BAA6-7AB8A49BF042}.Debug|Any CPU.ActiveCfg = Debug|Any CPU
		{26C894DC-9ECE-4A53-BAA6-7AB8A49BF042}.Debug|Any CPU.Build.0 = Debug|Any CPU
		{26C894DC-9ECE-4A53-BAA6-7AB8A49BF042}.Release|Any CPU.ActiveCfg = Release|Any CPU
		{26C894DC-9ECE-4A53-BAA6-7AB8A49BF042}.Release|Any CPU.Build.0 = Release|Any CPU
		{EC686E55-42B9-440C-A2A0-9B0BF3EFA8DF}.Debug|Any CPU.ActiveCfg = Debug|Any CPU
		{EC686E55-42B9-440C-A2A0-9B0BF3EFA8DF}.Debug|Any CPU.Build.0 = Debug|Any CPU
		{EC686E55-42B9-440C-A2A0-9B0BF3EFA8DF}.Release|Any CPU.ActiveCfg = Release|Any CPU
		{EC686E55-42B9-440C-A2A0-9B0BF3EFA8DF}.Release|Any CPU.Build.0 = Release|Any CPU
		{245D6422-EBE8-4B28-8034-1A22A21374AD}.Debug|Any CPU.ActiveCfg = Debug|Any CPU
		{245D6422-EBE8-4B28-8034-1A22A21374AD}.Debug|Any CPU.Build.0 = Debug|Any CPU
		{245D6422-EBE8-4B28-8034-1A22A21374AD}.Release|Any CPU.ActiveCfg = Release|Any CPU
		{245D6422-EBE8-4B28-8034-1A22A21374AD}.Release|Any CPU.Build.0 = Release|Any CPU
		{8154BAB0-4F16-4DCB-BF1E-9D5E3A461D71}.Debug|Any CPU.ActiveCfg = Debug|Any CPU
		{8154BAB0-4F16-4DCB-BF1E-9D5E3A461D71}.Debug|Any CPU.Build.0 = Debug|Any CPU
		{8154BAB0-4F16-4DCB-BF1E-9D5E3A461D71}.Release|Any CPU.ActiveCfg = Release|Any CPU
		{8154BAB0-4F16-4DCB-BF1E-9D5E3A461D71}.Release|Any CPU.Build.0 = Release|Any CPU
		{369D6548-08F5-4432-A657-92983FB5A38D}.Debug|Any CPU.ActiveCfg = Debug|Any CPU
		{369D6548-08F5-4432-A657-92983FB5A38D}.Debug|Any CPU.Build.0 = Debug|Any CPU
		{369D6548-08F5-4432-A657-92983FB5A38D}.Release|Any CPU.ActiveCfg = Release|Any CPU
		{369D6548-08F5-4432-A657-92983FB5A38D}.Release|Any CPU.Build.0 = Release|Any CPU
		{DBE2C17E-4F2B-43DD-AA97-B4F767236445}.Debug|Any CPU.ActiveCfg = Debug|Any CPU
		{DBE2C17E-4F2B-43DD-AA97-B4F767236445}.Debug|Any CPU.Build.0 = Debug|Any CPU
		{DBE2C17E-4F2B-43DD-AA97-B4F767236445}.Release|Any CPU.ActiveCfg = Release|Any CPU
		{DBE2C17E-4F2B-43DD-AA97-B4F767236445}.Release|Any CPU.Build.0 = Release|Any CPU
		{3B437B5C-D42F-46A6-AA6F-E210CB86C13C}.Debug|Any CPU.ActiveCfg = Debug|Any CPU
		{3B437B5C-D42F-46A6-AA6F-E210CB86C13C}.Debug|Any CPU.Build.0 = Debug|Any CPU
		{3B437B5C-D42F-46A6-AA6F-E210CB86C13C}.Release|Any CPU.ActiveCfg = Release|Any CPU
		{3B437B5C-D42F-46A6-AA6F-E210CB86C13C}.Release|Any CPU.Build.0 = Release|Any CPU
		{B8BD9FCA-E536-4F7B-BB84-9C5803F47529}.Debug|Any CPU.ActiveCfg = Debug|Any CPU
		{B8BD9FCA-E536-4F7B-BB84-9C5803F47529}.Debug|Any CPU.Build.0 = Debug|Any CPU
		{B8BD9FCA-E536-4F7B-BB84-9C5803F47529}.Release|Any CPU.ActiveCfg = Release|Any CPU
		{B8BD9FCA-E536-4F7B-BB84-9C5803F47529}.Release|Any CPU.Build.0 = Release|Any CPU
		{D34FF4CE-55CD-4E02-A462-518CC46D22C9}.Debug|Any CPU.ActiveCfg = Debug|Any CPU
		{D34FF4CE-55CD-4E02-A462-518CC46D22C9}.Debug|Any CPU.Build.0 = Debug|Any CPU
		{D34FF4CE-55CD-4E02-A462-518CC46D22C9}.Release|Any CPU.ActiveCfg = Release|Any CPU
		{D34FF4CE-55CD-4E02-A462-518CC46D22C9}.Release|Any CPU.Build.0 = Release|Any CPU
		{E43F43EF-8F09-4A97-A8E8-9097D28C860C}.Debug|Any CPU.ActiveCfg = Debug|Any CPU
		{E43F43EF-8F09-4A97-A8E8-9097D28C860C}.Debug|Any CPU.Build.0 = Debug|Any CPU
		{E43F43EF-8F09-4A97-A8E8-9097D28C860C}.Release|Any CPU.ActiveCfg = Release|Any CPU
		{E43F43EF-8F09-4A97-A8E8-9097D28C860C}.Release|Any CPU.Build.0 = Release|Any CPU
		{3B45F47D-B4A3-445C-8C5D-7324A525A29F}.Debug|Any CPU.ActiveCfg = Debug|Any CPU
		{3B45F47D-B4A3-445C-8C5D-7324A525A29F}.Debug|Any CPU.Build.0 = Debug|Any CPU
		{3B45F47D-B4A3-445C-8C5D-7324A525A29F}.Release|Any CPU.ActiveCfg = Release|Any CPU
		{3B45F47D-B4A3-445C-8C5D-7324A525A29F}.Release|Any CPU.Build.0 = Release|Any CPU
	EndGlobalSection
	GlobalSection(SolutionProperties) = preSolution
		HideSolutionNode = FALSE
	EndGlobalSection
	GlobalSection(NestedProjects) = preSolution
		{26C894DC-9ECE-4A53-BAA6-7AB8A49BF042} = {21138874-A185-4B77-9F1F-F788659A745F}
		{EC686E55-42B9-440C-A2A0-9B0BF3EFA8DF} = {21138874-A185-4B77-9F1F-F788659A745F}
		{245D6422-EBE8-4B28-8034-1A22A21374AD} = {21138874-A185-4B77-9F1F-F788659A745F}
		{8154BAB0-4F16-4DCB-BF1E-9D5E3A461D71} = {21138874-A185-4B77-9F1F-F788659A745F}
		{369D6548-08F5-4432-A657-92983FB5A38D} = {21138874-A185-4B77-9F1F-F788659A745F}
		{DBE2C17E-4F2B-43DD-AA97-B4F767236445} = {21138874-A185-4B77-9F1F-F788659A745F}
		{3B437B5C-D42F-46A6-AA6F-E210CB86C13C} = {29ECAFEF-705B-4086-B9CD-FBF2959152F1}
		{B8BD9FCA-E536-4F7B-BB84-9C5803F47529} = {29ECAFEF-705B-4086-B9CD-FBF2959152F1}
		{D34FF4CE-55CD-4E02-A462-518CC46D22C9} = {29ECAFEF-705B-4086-B9CD-FBF2959152F1}
		{E43F43EF-8F09-4A97-A8E8-9097D28C860C} = {29ECAFEF-705B-4086-B9CD-FBF2959152F1}
		{3B45F47D-B4A3-445C-8C5D-7324A525A29F} = {29ECAFEF-705B-4086-B9CD-FBF2959152F1}
	EndGlobalSection
	GlobalSection(ExtensibilityGlobals) = postSolution
		SolutionGuid = {194EFDC6-BCB4-4F5A-82C5-197F8CF43500}
	EndGlobalSection
EndGlobal
