
Microsoft Visual Studio Solution File, Format Version 12.00
# Visual Studio Version 17
VisualStudioVersion = 17.0.31903.59
MinimumVisualStudioVersion = 10.0.40219.1
<<<<<<< HEAD
Project("{FAE04EC0-301F-11D3-BF4B-00C04F79EFBC}") = "Nexi.UI", "Nexi.UI\Nexi.UI.csproj", "{774F3A0A-21BC-4F2B-9735-7D19DCB33295}"
EndProject
Project("{FAE04EC0-301F-11D3-BF4B-00C04F79EFBC}") = "Nexi.UI.Desktop", "Nexi.UI.Desktop\Nexi.UI.Desktop.csproj", "{36CDBA41-01FD-4380-8BD5-1EBB39579E1C}"
EndProject
Project("{2150E333-8FDC-42A3-9474-1A3956D46DE8}") = "UI", "UI", "{6B605428-2FB5-42C3-B384-1A05366DF028}"
EndProject
Project("{2150E333-8FDC-42A3-9474-1A3956D46DE8}") = "Data", "Data", "{70152D17-9BAD-438F-AAD7-2D35AA298642}"
EndProject
Project("{2150E333-8FDC-42A3-9474-1A3956D46DE8}") = "Services", "Services", "{F46C7E0C-7F85-469D-8820-4BF7CC147909}"
EndProject
Project("{2150E333-8FDC-42A3-9474-1A3956D46DE8}") = "Tests", "Tests", "{CDC4501C-A8AC-40E4-81A6-F65AA09BAEBF}"
EndProject
Project("{FAE04EC0-301F-11D3-BF4B-00C04F79EFBC}") = "Nexi.Data", "Nexi.Data\Nexi.Data.csproj", "{23FD3238-7BA9-469F-8DF1-8DEB51BDB6F7}"
EndProject
Project("{FAE04EC0-301F-11D3-BF4B-00C04F79EFBC}") = "Nexi.Data.Models", "Nexi.Data.Models\Nexi.Data.Models.csproj", "{568612EE-AA6B-4F42-9674-492DAC7BA060}"
EndProject
Project("{FAE04EC0-301F-11D3-BF4B-00C04F79EFBC}") = "Nexi.Services", "Nexi.Services\Nexi.Services.csproj", "{9C625842-35A9-49B4-A761-54472D6EFFE0}"
EndProject
Project("{FAE04EC0-301F-11D3-BF4B-00C04F79EFBC}") = "Nexi.Services.Tests", "Nexi.Services.Tests\Nexi.Services.Tests.csproj", "{4E8A3262-6CE5-4F98-B727-301543E6174A}"
EndProject
Project("{FAE04EC0-301F-11D3-BF4B-00C04F79EFBC}") = "Nexi.UI.Tests", "Nexi.UI.Tests\Nexi.UI.Tests.csproj", "{CCCF6E9F-D1AD-49F2-B2B4-994B710A8920}"
=======
Project("{FAE04EC0-301F-11D3-BF4B-00C04F79EFBC}") = "Nexi.UI", "Nexi.UI\Nexi.UI.csproj", "{A602CC25-0AE7-42DB-9CAC-1BFE4A5FD9C4}"
EndProject
Project("{FAE04EC0-301F-11D3-BF4B-00C04F79EFBC}") = "Nexi.UI.Desktop", "Nexi.UI.Desktop\Nexi.UI.Desktop.csproj", "{D5B8FB59-3B1F-42BE-BB4B-BE5EA6C42216}"
EndProject
Project("{FAE04EC0-301F-11D3-BF4B-00C04F79EFBC}") = "Nexi.UI.Tests", "Nexi.UI.Tests\Nexi.UI.Tests.csproj", "{F9A6BAD4-3706-4355-BD53-11329D1F0BEC}"
EndProject
Project("{FAE04EC0-301F-11D3-BF4B-00C04F79EFBC}") = "Nexi.Services.Tests", "Nexi.Services.Tests\Nexi.Services.Tests.csproj", "{1506AE42-F241-4786-B008-25586BFD73FE}"
EndProject
Project("{FAE04EC0-301F-11D3-BF4B-00C04F79EFBC}") = "Nexi.Services", "Nexi.Services\Nexi.Services.csproj", "{2AD87FE9-C10C-4474-9BB8-87191785EC00}"
EndProject
Project("{FAE04EC0-301F-11D3-BF4B-00C04F79EFBC}") = "Nexi.Data.Models", "Nexi.Data.Models\Nexi.Data.Models.csproj", "{C08D478A-00A3-4885-BFCD-020237746224}"
EndProject
Project("{FAE04EC0-301F-11D3-BF4B-00C04F79EFBC}") = "Nexi.Data", "Nexi.Data\Nexi.Data.csproj", "{FD820AC1-90D3-4F6F-83C6-81C2F1411FE2}"
>>>>>>> frontend
EndProject
Global
	GlobalSection(SolutionConfigurationPlatforms) = preSolution
		Debug|Any CPU = Debug|Any CPU
		Release|Any CPU = Release|Any CPU
	EndGlobalSection
	GlobalSection(ProjectConfigurationPlatforms) = postSolution
<<<<<<< HEAD
		{774F3A0A-21BC-4F2B-9735-7D19DCB33295}.Debug|Any CPU.ActiveCfg = Debug|Any CPU
		{774F3A0A-21BC-4F2B-9735-7D19DCB33295}.Debug|Any CPU.Build.0 = Debug|Any CPU
		{774F3A0A-21BC-4F2B-9735-7D19DCB33295}.Release|Any CPU.ActiveCfg = Release|Any CPU
		{774F3A0A-21BC-4F2B-9735-7D19DCB33295}.Release|Any CPU.Build.0 = Release|Any CPU
		{36CDBA41-01FD-4380-8BD5-1EBB39579E1C}.Debug|Any CPU.ActiveCfg = Debug|Any CPU
		{36CDBA41-01FD-4380-8BD5-1EBB39579E1C}.Debug|Any CPU.Build.0 = Debug|Any CPU
		{36CDBA41-01FD-4380-8BD5-1EBB39579E1C}.Release|Any CPU.ActiveCfg = Release|Any CPU
		{36CDBA41-01FD-4380-8BD5-1EBB39579E1C}.Release|Any CPU.Build.0 = Release|Any CPU
		{23FD3238-7BA9-469F-8DF1-8DEB51BDB6F7}.Debug|Any CPU.ActiveCfg = Debug|Any CPU
		{23FD3238-7BA9-469F-8DF1-8DEB51BDB6F7}.Debug|Any CPU.Build.0 = Debug|Any CPU
		{23FD3238-7BA9-469F-8DF1-8DEB51BDB6F7}.Release|Any CPU.ActiveCfg = Release|Any CPU
		{23FD3238-7BA9-469F-8DF1-8DEB51BDB6F7}.Release|Any CPU.Build.0 = Release|Any CPU
		{568612EE-AA6B-4F42-9674-492DAC7BA060}.Debug|Any CPU.ActiveCfg = Debug|Any CPU
		{568612EE-AA6B-4F42-9674-492DAC7BA060}.Debug|Any CPU.Build.0 = Debug|Any CPU
		{568612EE-AA6B-4F42-9674-492DAC7BA060}.Release|Any CPU.ActiveCfg = Release|Any CPU
		{568612EE-AA6B-4F42-9674-492DAC7BA060}.Release|Any CPU.Build.0 = Release|Any CPU
		{9C625842-35A9-49B4-A761-54472D6EFFE0}.Debug|Any CPU.ActiveCfg = Debug|Any CPU
		{9C625842-35A9-49B4-A761-54472D6EFFE0}.Debug|Any CPU.Build.0 = Debug|Any CPU
		{9C625842-35A9-49B4-A761-54472D6EFFE0}.Release|Any CPU.ActiveCfg = Release|Any CPU
		{9C625842-35A9-49B4-A761-54472D6EFFE0}.Release|Any CPU.Build.0 = Release|Any CPU
		{4E8A3262-6CE5-4F98-B727-301543E6174A}.Debug|Any CPU.ActiveCfg = Debug|Any CPU
		{4E8A3262-6CE5-4F98-B727-301543E6174A}.Debug|Any CPU.Build.0 = Debug|Any CPU
		{4E8A3262-6CE5-4F98-B727-301543E6174A}.Release|Any CPU.ActiveCfg = Release|Any CPU
		{4E8A3262-6CE5-4F98-B727-301543E6174A}.Release|Any CPU.Build.0 = Release|Any CPU
		{CCCF6E9F-D1AD-49F2-B2B4-994B710A8920}.Debug|Any CPU.ActiveCfg = Debug|Any CPU
		{CCCF6E9F-D1AD-49F2-B2B4-994B710A8920}.Debug|Any CPU.Build.0 = Debug|Any CPU
		{CCCF6E9F-D1AD-49F2-B2B4-994B710A8920}.Release|Any CPU.ActiveCfg = Release|Any CPU
		{CCCF6E9F-D1AD-49F2-B2B4-994B710A8920}.Release|Any CPU.Build.0 = Release|Any CPU
=======
		{A602CC25-0AE7-42DB-9CAC-1BFE4A5FD9C4}.Debug|Any CPU.ActiveCfg = Debug|Any CPU
		{A602CC25-0AE7-42DB-9CAC-1BFE4A5FD9C4}.Debug|Any CPU.Build.0 = Debug|Any CPU
		{A602CC25-0AE7-42DB-9CAC-1BFE4A5FD9C4}.Release|Any CPU.ActiveCfg = Release|Any CPU
		{A602CC25-0AE7-42DB-9CAC-1BFE4A5FD9C4}.Release|Any CPU.Build.0 = Release|Any CPU
		{D5B8FB59-3B1F-42BE-BB4B-BE5EA6C42216}.Debug|Any CPU.ActiveCfg = Debug|Any CPU
		{D5B8FB59-3B1F-42BE-BB4B-BE5EA6C42216}.Debug|Any CPU.Build.0 = Debug|Any CPU
		{D5B8FB59-3B1F-42BE-BB4B-BE5EA6C42216}.Release|Any CPU.ActiveCfg = Release|Any CPU
		{D5B8FB59-3B1F-42BE-BB4B-BE5EA6C42216}.Release|Any CPU.Build.0 = Release|Any CPU
		{F9A6BAD4-3706-4355-BD53-11329D1F0BEC}.Debug|Any CPU.ActiveCfg = Debug|Any CPU
		{F9A6BAD4-3706-4355-BD53-11329D1F0BEC}.Debug|Any CPU.Build.0 = Debug|Any CPU
		{F9A6BAD4-3706-4355-BD53-11329D1F0BEC}.Release|Any CPU.ActiveCfg = Release|Any CPU
		{F9A6BAD4-3706-4355-BD53-11329D1F0BEC}.Release|Any CPU.Build.0 = Release|Any CPU
		{1506AE42-F241-4786-B008-25586BFD73FE}.Debug|Any CPU.ActiveCfg = Debug|Any CPU
		{1506AE42-F241-4786-B008-25586BFD73FE}.Debug|Any CPU.Build.0 = Debug|Any CPU
		{1506AE42-F241-4786-B008-25586BFD73FE}.Release|Any CPU.ActiveCfg = Release|Any CPU
		{1506AE42-F241-4786-B008-25586BFD73FE}.Release|Any CPU.Build.0 = Release|Any CPU
		{2AD87FE9-C10C-4474-9BB8-87191785EC00}.Debug|Any CPU.ActiveCfg = Debug|Any CPU
		{2AD87FE9-C10C-4474-9BB8-87191785EC00}.Debug|Any CPU.Build.0 = Debug|Any CPU
		{2AD87FE9-C10C-4474-9BB8-87191785EC00}.Release|Any CPU.ActiveCfg = Release|Any CPU
		{2AD87FE9-C10C-4474-9BB8-87191785EC00}.Release|Any CPU.Build.0 = Release|Any CPU
		{C08D478A-00A3-4885-BFCD-020237746224}.Debug|Any CPU.ActiveCfg = Debug|Any CPU
		{C08D478A-00A3-4885-BFCD-020237746224}.Debug|Any CPU.Build.0 = Debug|Any CPU
		{C08D478A-00A3-4885-BFCD-020237746224}.Release|Any CPU.ActiveCfg = Release|Any CPU
		{C08D478A-00A3-4885-BFCD-020237746224}.Release|Any CPU.Build.0 = Release|Any CPU
		{FD820AC1-90D3-4F6F-83C6-81C2F1411FE2}.Debug|Any CPU.ActiveCfg = Debug|Any CPU
		{FD820AC1-90D3-4F6F-83C6-81C2F1411FE2}.Debug|Any CPU.Build.0 = Debug|Any CPU
		{FD820AC1-90D3-4F6F-83C6-81C2F1411FE2}.Release|Any CPU.ActiveCfg = Release|Any CPU
		{FD820AC1-90D3-4F6F-83C6-81C2F1411FE2}.Release|Any CPU.Build.0 = Release|Any CPU
>>>>>>> frontend
	EndGlobalSection
	GlobalSection(SolutionProperties) = preSolution
		HideSolutionNode = FALSE
	EndGlobalSection
	GlobalSection(NestedProjects) = preSolution
		{774F3A0A-21BC-4F2B-9735-7D19DCB33295} = {6B605428-2FB5-42C3-B384-1A05366DF028}
		{36CDBA41-01FD-4380-8BD5-1EBB39579E1C} = {6B605428-2FB5-42C3-B384-1A05366DF028}
		{23FD3238-7BA9-469F-8DF1-8DEB51BDB6F7} = {70152D17-9BAD-438F-AAD7-2D35AA298642}
		{568612EE-AA6B-4F42-9674-492DAC7BA060} = {70152D17-9BAD-438F-AAD7-2D35AA298642}
		{9C625842-35A9-49B4-A761-54472D6EFFE0} = {F46C7E0C-7F85-469D-8820-4BF7CC147909}
		{4E8A3262-6CE5-4F98-B727-301543E6174A} = {CDC4501C-A8AC-40E4-81A6-F65AA09BAEBF}
		{CCCF6E9F-D1AD-49F2-B2B4-994B710A8920} = {CDC4501C-A8AC-40E4-81A6-F65AA09BAEBF}
	EndGlobalSection
EndGlobal
