
Microsoft Visual Studio Solution File, Format Version 12.00
# Visual Studio Version 17
VisualStudioVersion = 17.12.35707.178
MinimumVisualStudioVersion = 10.0.40219.1
Project("{2150E333-8FDC-42A3-9474-1A3956D46DE8}") = "src", "src", "{E12A3094-562C-420D-9D59-9333EE310649}"
EndProject
Project("{2150E333-8FDC-42A3-9474-1A3956D46DE8}") = "tests", "tests", "{FECE3F3B-FDE0-498A-B415-3AA08F81C6B2}"
EndProject
Project("{FAE04EC0-301F-11D3-BF4B-00C04F79EFBC}") = "Nexi.Core", "Nexi.Core\Nexi.Core.csproj", "{39594F63-BD9E-4ED4-A3E1-80469C8F64BE}"
EndProject
Project("{FAE04EC0-301F-11D3-BF4B-00C04F79EFBC}") = "Nexi.Common", "Nexi.Common\Nexi.Common.csproj", "{E6234CAC-BB33-4B27-B79D-7819DEEDAB70}"
EndProject
Project("{FAE04EC0-301F-11D3-BF4B-00C04F79EFBC}") = "Nexi.Services", "Nexi.Services\Nexi.Services.csproj", "{D162AACD-BBE9-4D31-B4FF-3EAF8C640061}"
EndProject
Project("{FAE04EC0-301F-11D3-BF4B-00C04F79EFBC}") = "Nexi.AI", "Nexi.AI\Nexi.AI.csproj", "{3BCD6EB7-565B-4813-BD6F-516661CBDD26}"
EndProject
Project("{FAE04EC0-301F-11D3-BF4B-00C04F79EFBC}") = "Nexi.Plugin", "Nexi.Plugin\Nexi.Plugin.csproj", "{D78B0379-04BA-4E93-83A6-92C25804091B}"
EndProject
Project("{2150E333-8FDC-42A3-9474-1A3956D46DE8}") = "Core", "Core", "{5D56D16F-7A47-41FD-8A11-BC715C361726}"
EndProject
Project("{2150E333-8FDC-42A3-9474-1A3956D46DE8}") = "Infrastructure", "Infrastructure", "{66F28427-C353-4263-BC5E-967D6B81E349}"
EndProject
Project("{FAE04EC0-301F-11D3-BF4B-00C04F79EFBC}") = "Nexi.Desktop", "Nexi.Desktop\Nexi.Desktop.csproj", "{15EA9EC2-ADA7-437E-87A0-15062302584C}"
EndProject
Project("{2150E333-8FDC-42A3-9474-1A3956D46DE8}") = "Presentation", "Presentation", "{3F438DE3-F985-4DA9-B009-4DBAAB2BD47E}"
EndProject
Project("{FAE04EC0-301F-11D3-BF4B-00C04F79EFBC}") = "Nexi.Core.Tests", "Nexi.Core.Tests\Nexi.Core.Tests.csproj", "{621A42E0-8E73-406B-A89B-58DBC6556F2B}"
EndProject
Project("{FAE04EC0-301F-11D3-BF4B-00C04F79EFBC}") = "Nexi.Common.Tests", "Nexi.Common.Tests\Nexi.Common.Tests.csproj", "{F3EF060F-E5A3-452C-AD3F-7227934D3881}"
EndProject
Project("{FAE04EC0-301F-11D3-BF4B-00C04F79EFBC}") = "Nexi.Services.Tests", "Nexi.Services.Tests\Nexi.Services.Tests.csproj", "{8B3AD3A9-FEB8-44D8-9202-FD89FC58C50A}"
EndProject
Project("{FAE04EC0-301F-11D3-BF4B-00C04F79EFBC}") = "Nexi.AI.Tests", "Nexi.AI.Tests\Nexi.AI.Tests.csproj", "{437C83EC-6C7B-42F3-A8E1-6866ED3F3922}"
EndProject
Project("{FAE04EC0-301F-11D3-BF4B-00C04F79EFBC}") = "Nexi.Desktop.Tests", "Nexi.Desktop.Tests\Nexi.Desktop.Tests.csproj", "{067F9908-2790-45CA-9176-96F122E4DDC5}"
EndProject
Project("{FAE04EC0-301F-11D3-BF4B-00C04F79EFBC}") = "Nexi.Plugin.Tests", "Nexi.Plugin.Tests\Nexi.Plugin.Tests.csproj", "{666CCD4A-E9B3-41DC-B64A-2743D0DCCC05}"
EndProject
Project("{2150E333-8FDC-42A3-9474-1A3956D46DE8}") = "Integration.Tests", "Integration.Tests", "{5B0FD6E9-C90A-44B8-90ED-31B994CF3DB8}"
EndProject
Project("{2150E333-8FDC-42A3-9474-1A3956D46DE8}") = "Core.Tests", "Core.Tests", "{2E74CD81-8A3D-4789-9744-2142E4B4FEB1}"
EndProject
Project("{2150E333-8FDC-42A3-9474-1A3956D46DE8}") = "Presentation.Tests", "Presentation.Tests", "{0DCD2E3E-4199-49AC-9088-C459DD1E8AE4}"
EndProject
Project("{2150E333-8FDC-42A3-9474-1A3956D46DE8}") = "Infrastructure.Tests", "Infrastructure.Tests", "{92FFE53D-0184-4FEE-A6CD-55E944A4A849}"
EndProject
Project("{FAE04EC0-301F-11D3-BF4B-00C04F79EFBC}") = "Nexi.AI.Integration.Tests", "Nexi.AI.Integration.Tests\Nexi.AI.Integration.Tests.csproj", "{FAAFAAE8-076E-485C-A3EA-83965DF939BB}"
EndProject
Project("{FAE04EC0-301F-11D3-BF4B-00C04F79EFBC}") = "Nexi.Services.Integration.Tests", "Nexi.Services.Integration.Tests\Nexi.Services.Integration.Tests.csproj", "{7DBF510E-2E78-40FC-AC74-6F8364D32B13}"
EndProject
Project("{FAE04EC0-301F-11D3-BF4B-00C04F79EFBC}") = "Nexi.Plugin.Integration.Tests", "Nexi.Plugin.Integration.Tests\Nexi.Plugin.Integration.Tests.csproj", "{133D60FB-E1FE-4562-A292-45F82C452A92}"
EndProject
Project("{FAE04EC0-301F-11D3-BF4B-00C04F79EFBC}") = "Nexi.E2E.Tests", "Nexi.E2E.Tests\Nexi.E2E.Tests.csproj", "{EACA13B5-60A2-4023-A723-82412292AC50}"
EndProject
Project("{2150E333-8FDC-42A3-9474-1A3956D46DE8}") = "docs", "docs", "{0605B605-9B50-4748-9358-AD504C3B7BF1}"
EndProject
Project("{2150E333-8FDC-42A3-9474-1A3956D46DE8}") = "tools", "tools", "{4F1F6E5E-2B7E-427C-9A25-F63FBCEA4CEC}"
EndProject
Project("{2150E333-8FDC-42A3-9474-1A3956D46DE8}") = "build", "build", "{597DC336-E99D-4D4D-A49D-E3EACD1F10C3}"
EndProject
Project("{2150E333-8FDC-42A3-9474-1A3956D46DE8}") = "api", "api", "{A4AF7020-FC03-47C8-8CBF-6F4155D5E702}"
EndProject
Project("{2150E333-8FDC-42A3-9474-1A3956D46DE8}") = "architecture", "architecture", "{241CF98B-E0DF-4B44-9B83-0A0FC7B2436F}"
EndProject
Project("{2150E333-8FDC-42A3-9474-1A3956D46DE8}") = "guides", "guides", "{A88D7EE2-6B64-49AF-BC14-7F2AB5AC29B7}"
EndProject
Project("{2150E333-8FDC-42A3-9474-1A3956D46DE8}") = "scripts", "scripts", "{7DA135BB-FAE9-4E07-975A-904469914E19}"
EndProject
Project("{2150E333-8FDC-42A3-9474-1A3956D46DE8}") = "configurations", "configurations", "{B24A106C-0168-4A4B-927A-B6981A77E91E}"
EndProject
Project("{2150E333-8FDC-42A3-9474-1A3956D46DE8}") = "CodeAnalysis", "CodeAnalysis", "{01EF1444-675F-4451-803F-44FCDE1F2E25}"
EndProject
Project("{2150E333-8FDC-42A3-9474-1A3956D46DE8}") = "CodeGeneration", "CodeGeneration", "{698315F6-21F5-4788-921B-9479E4A60684}"
EndProject
Global
	GlobalSection(SolutionConfigurationPlatforms) = preSolution
		Debug|Any CPU = Debug|Any CPU
		Release|Any CPU = Release|Any CPU
	EndGlobalSection
	GlobalSection(ProjectConfigurationPlatforms) = postSolution
		{39594F63-BD9E-4ED4-A3E1-80469C8F64BE}.Debug|Any CPU.ActiveCfg = Debug|Any CPU
		{39594F63-BD9E-4ED4-A3E1-80469C8F64BE}.Debug|Any CPU.Build.0 = Debug|Any CPU
		{39594F63-BD9E-4ED4-A3E1-80469C8F64BE}.Release|Any CPU.ActiveCfg = Release|Any CPU
		{39594F63-BD9E-4ED4-A3E1-80469C8F64BE}.Release|Any CPU.Build.0 = Release|Any CPU
		{E6234CAC-BB33-4B27-B79D-7819DEEDAB70}.Debug|Any CPU.ActiveCfg = Debug|Any CPU
		{E6234CAC-BB33-4B27-B79D-7819DEEDAB70}.Debug|Any CPU.Build.0 = Debug|Any CPU
		{E6234CAC-BB33-4B27-B79D-7819DEEDAB70}.Release|Any CPU.ActiveCfg = Release|Any CPU
		{E6234CAC-BB33-4B27-B79D-7819DEEDAB70}.Release|Any CPU.Build.0 = Release|Any CPU
		{D162AACD-BBE9-4D31-B4FF-3EAF8C640061}.Debug|Any CPU.ActiveCfg = Debug|Any CPU
		{D162AACD-BBE9-4D31-B4FF-3EAF8C640061}.Debug|Any CPU.Build.0 = Debug|Any CPU
		{D162AACD-BBE9-4D31-B4FF-3EAF8C640061}.Release|Any CPU.ActiveCfg = Release|Any CPU
		{D162AACD-BBE9-4D31-B4FF-3EAF8C640061}.Release|Any CPU.Build.0 = Release|Any CPU
		{3BCD6EB7-565B-4813-BD6F-516661CBDD26}.Debug|Any CPU.ActiveCfg = Debug|Any CPU
		{3BCD6EB7-565B-4813-BD6F-516661CBDD26}.Debug|Any CPU.Build.0 = Debug|Any CPU
		{3BCD6EB7-565B-4813-BD6F-516661CBDD26}.Release|Any CPU.ActiveCfg = Release|Any CPU
		{3BCD6EB7-565B-4813-BD6F-516661CBDD26}.Release|Any CPU.Build.0 = Release|Any CPU
		{D78B0379-04BA-4E93-83A6-92C25804091B}.Debug|Any CPU.ActiveCfg = Debug|Any CPU
		{D78B0379-04BA-4E93-83A6-92C25804091B}.Debug|Any CPU.Build.0 = Debug|Any CPU
		{D78B0379-04BA-4E93-83A6-92C25804091B}.Release|Any CPU.ActiveCfg = Release|Any CPU
		{D78B0379-04BA-4E93-83A6-92C25804091B}.Release|Any CPU.Build.0 = Release|Any CPU
		{15EA9EC2-ADA7-437E-87A0-15062302584C}.Debug|Any CPU.ActiveCfg = Debug|Any CPU
		{15EA9EC2-ADA7-437E-87A0-15062302584C}.Debug|Any CPU.Build.0 = Debug|Any CPU
		{15EA9EC2-ADA7-437E-87A0-15062302584C}.Release|Any CPU.ActiveCfg = Release|Any CPU
		{15EA9EC2-ADA7-437E-87A0-15062302584C}.Release|Any CPU.Build.0 = Release|Any CPU
		{621A42E0-8E73-406B-A89B-58DBC6556F2B}.Debug|Any CPU.ActiveCfg = Debug|Any CPU
		{621A42E0-8E73-406B-A89B-58DBC6556F2B}.Debug|Any CPU.Build.0 = Debug|Any CPU
		{621A42E0-8E73-406B-A89B-58DBC6556F2B}.Release|Any CPU.ActiveCfg = Release|Any CPU
		{621A42E0-8E73-406B-A89B-58DBC6556F2B}.Release|Any CPU.Build.0 = Release|Any CPU
		{F3EF060F-E5A3-452C-AD3F-7227934D3881}.Debug|Any CPU.ActiveCfg = Debug|Any CPU
		{F3EF060F-E5A3-452C-AD3F-7227934D3881}.Debug|Any CPU.Build.0 = Debug|Any CPU
		{F3EF060F-E5A3-452C-AD3F-7227934D3881}.Release|Any CPU.ActiveCfg = Release|Any CPU
		{F3EF060F-E5A3-452C-AD3F-7227934D3881}.Release|Any CPU.Build.0 = Release|Any CPU
		{8B3AD3A9-FEB8-44D8-9202-FD89FC58C50A}.Debug|Any CPU.ActiveCfg = Debug|Any CPU
		{8B3AD3A9-FEB8-44D8-9202-FD89FC58C50A}.Debug|Any CPU.Build.0 = Debug|Any CPU
		{8B3AD3A9-FEB8-44D8-9202-FD89FC58C50A}.Release|Any CPU.ActiveCfg = Release|Any CPU
		{8B3AD3A9-FEB8-44D8-9202-FD89FC58C50A}.Release|Any CPU.Build.0 = Release|Any CPU
		{437C83EC-6C7B-42F3-A8E1-6866ED3F3922}.Debug|Any CPU.ActiveCfg = Debug|Any CPU
		{437C83EC-6C7B-42F3-A8E1-6866ED3F3922}.Debug|Any CPU.Build.0 = Debug|Any CPU
		{437C83EC-6C7B-42F3-A8E1-6866ED3F3922}.Release|Any CPU.ActiveCfg = Release|Any CPU
		{437C83EC-6C7B-42F3-A8E1-6866ED3F3922}.Release|Any CPU.Build.0 = Release|Any CPU
		{067F9908-2790-45CA-9176-96F122E4DDC5}.Debug|Any CPU.ActiveCfg = Debug|Any CPU
		{067F9908-2790-45CA-9176-96F122E4DDC5}.Debug|Any CPU.Build.0 = Debug|Any CPU
		{067F9908-2790-45CA-9176-96F122E4DDC5}.Release|Any CPU.ActiveCfg = Release|Any CPU
		{067F9908-2790-45CA-9176-96F122E4DDC5}.Release|Any CPU.Build.0 = Release|Any CPU
		{666CCD4A-E9B3-41DC-B64A-2743D0DCCC05}.Debug|Any CPU.ActiveCfg = Debug|Any CPU
		{666CCD4A-E9B3-41DC-B64A-2743D0DCCC05}.Debug|Any CPU.Build.0 = Debug|Any CPU
		{666CCD4A-E9B3-41DC-B64A-2743D0DCCC05}.Release|Any CPU.ActiveCfg = Release|Any CPU
		{666CCD4A-E9B3-41DC-B64A-2743D0DCCC05}.Release|Any CPU.Build.0 = Release|Any CPU
		{FAAFAAE8-076E-485C-A3EA-83965DF939BB}.Debug|Any CPU.ActiveCfg = Debug|Any CPU
		{FAAFAAE8-076E-485C-A3EA-83965DF939BB}.Debug|Any CPU.Build.0 = Debug|Any CPU
		{FAAFAAE8-076E-485C-A3EA-83965DF939BB}.Release|Any CPU.ActiveCfg = Release|Any CPU
		{FAAFAAE8-076E-485C-A3EA-83965DF939BB}.Release|Any CPU.Build.0 = Release|Any CPU
		{7DBF510E-2E78-40FC-AC74-6F8364D32B13}.Debug|Any CPU.ActiveCfg = Debug|Any CPU
		{7DBF510E-2E78-40FC-AC74-6F8364D32B13}.Debug|Any CPU.Build.0 = Debug|Any CPU
		{7DBF510E-2E78-40FC-AC74-6F8364D32B13}.Release|Any CPU.ActiveCfg = Release|Any CPU
		{7DBF510E-2E78-40FC-AC74-6F8364D32B13}.Release|Any CPU.Build.0 = Release|Any CPU
		{133D60FB-E1FE-4562-A292-45F82C452A92}.Debug|Any CPU.ActiveCfg = Debug|Any CPU
		{133D60FB-E1FE-4562-A292-45F82C452A92}.Debug|Any CPU.Build.0 = Debug|Any CPU
		{133D60FB-E1FE-4562-A292-45F82C452A92}.Release|Any CPU.ActiveCfg = Release|Any CPU
		{133D60FB-E1FE-4562-A292-45F82C452A92}.Release|Any CPU.Build.0 = Release|Any CPU
		{EACA13B5-60A2-4023-A723-82412292AC50}.Debug|Any CPU.ActiveCfg = Debug|Any CPU
		{EACA13B5-60A2-4023-A723-82412292AC50}.Debug|Any CPU.Build.0 = Debug|Any CPU
		{EACA13B5-60A2-4023-A723-82412292AC50}.Release|Any CPU.ActiveCfg = Release|Any CPU
		{EACA13B5-60A2-4023-A723-82412292AC50}.Release|Any CPU.Build.0 = Release|Any CPU
	EndGlobalSection
	GlobalSection(SolutionProperties) = preSolution
		HideSolutionNode = FALSE
	EndGlobalSection
	GlobalSection(NestedProjects) = preSolution
		{39594F63-BD9E-4ED4-A3E1-80469C8F64BE} = {5D56D16F-7A47-41FD-8A11-BC715C361726}
		{E6234CAC-BB33-4B27-B79D-7819DEEDAB70} = {5D56D16F-7A47-41FD-8A11-BC715C361726}
		{D162AACD-BBE9-4D31-B4FF-3EAF8C640061} = {66F28427-C353-4263-BC5E-967D6B81E349}
		{3BCD6EB7-565B-4813-BD6F-516661CBDD26} = {66F28427-C353-4263-BC5E-967D6B81E349}
		{D78B0379-04BA-4E93-83A6-92C25804091B} = {66F28427-C353-4263-BC5E-967D6B81E349}
		{5D56D16F-7A47-41FD-8A11-BC715C361726} = {E12A3094-562C-420D-9D59-9333EE310649}
		{66F28427-C353-4263-BC5E-967D6B81E349} = {E12A3094-562C-420D-9D59-9333EE310649}
		{15EA9EC2-ADA7-437E-87A0-15062302584C} = {3F438DE3-F985-4DA9-B009-4DBAAB2BD47E}
		{3F438DE3-F985-4DA9-B009-4DBAAB2BD47E} = {E12A3094-562C-420D-9D59-9333EE310649}
		{621A42E0-8E73-406B-A89B-58DBC6556F2B} = {2E74CD81-8A3D-4789-9744-2142E4B4FEB1}
		{F3EF060F-E5A3-452C-AD3F-7227934D3881} = {2E74CD81-8A3D-4789-9744-2142E4B4FEB1}
		{8B3AD3A9-FEB8-44D8-9202-FD89FC58C50A} = {92FFE53D-0184-4FEE-A6CD-55E944A4A849}
		{437C83EC-6C7B-42F3-A8E1-6866ED3F3922} = {92FFE53D-0184-4FEE-A6CD-55E944A4A849}
		{067F9908-2790-45CA-9176-96F122E4DDC5} = {0DCD2E3E-4199-49AC-9088-C459DD1E8AE4}
		{666CCD4A-E9B3-41DC-B64A-2743D0DCCC05} = {92FFE53D-0184-4FEE-A6CD-55E944A4A849}
		{5B0FD6E9-C90A-44B8-90ED-31B994CF3DB8} = {FECE3F3B-FDE0-498A-B415-3AA08F81C6B2}
		{2E74CD81-8A3D-4789-9744-2142E4B4FEB1} = {FECE3F3B-FDE0-498A-B415-3AA08F81C6B2}
		{0DCD2E3E-4199-49AC-9088-C459DD1E8AE4} = {FECE3F3B-FDE0-498A-B415-3AA08F81C6B2}
		{92FFE53D-0184-4FEE-A6CD-55E944A4A849} = {FECE3F3B-FDE0-498A-B415-3AA08F81C6B2}
		{FAAFAAE8-076E-485C-A3EA-83965DF939BB} = {5B0FD6E9-C90A-44B8-90ED-31B994CF3DB8}
		{7DBF510E-2E78-40FC-AC74-6F8364D32B13} = {5B0FD6E9-C90A-44B8-90ED-31B994CF3DB8}
		{133D60FB-E1FE-4562-A292-45F82C452A92} = {5B0FD6E9-C90A-44B8-90ED-31B994CF3DB8}
		{EACA13B5-60A2-4023-A723-82412292AC50} = {5B0FD6E9-C90A-44B8-90ED-31B994CF3DB8}
		{A4AF7020-FC03-47C8-8CBF-6F4155D5E702} = {0605B605-9B50-4748-9358-AD504C3B7BF1}
		{241CF98B-E0DF-4B44-9B83-0A0FC7B2436F} = {0605B605-9B50-4748-9358-AD504C3B7BF1}
		{A88D7EE2-6B64-49AF-BC14-7F2AB5AC29B7} = {0605B605-9B50-4748-9358-AD504C3B7BF1}
		{7DA135BB-FAE9-4E07-975A-904469914E19} = {597DC336-E99D-4D4D-A49D-E3EACD1F10C3}
		{B24A106C-0168-4A4B-927A-B6981A77E91E} = {597DC336-E99D-4D4D-A49D-E3EACD1F10C3}
		{01EF1444-675F-4451-803F-44FCDE1F2E25} = {4F1F6E5E-2B7E-427C-9A25-F63FBCEA4CEC}
		{698315F6-21F5-4788-921B-9479E4A60684} = {4F1F6E5E-2B7E-427C-9A25-F63FBCEA4CEC}
	EndGlobalSection
EndGlobal
